PODS:
  - Alamofire (4.3.0)
  - BubbleTransition (2.0.1)
  - Cartography (1.0.1)
  - Dollar (6.1.0)
  - Eureka (2.0.0-beta.1)
  - PMAlertController (2.1.0)
  - RSBarcodes_Swift (3.0.3)
  - SkyFloatingLabelTextField (2.0.1)
  - SwiftyJSON (3.1.4)

DEPENDENCIES:
  - Alamofire (~> 4.0)
  - BubbleTransition (~> 2.0.0)
  - Cartography
  - Dollar
  - Eureka (~> 2.0.0-beta.1)
  - PMAlertController
  - RSBarcodes_Swift (~> 3.0.1)
  - SkyFloatingLabelTextField (~> 2.0.0)
  - SwiftyJSON

SPEC CHECKSUMS:
  Alamofire: 856a113053a7bc9cbe5d6367a555d773fc5cfef7
  BubbleTransition: bb24ed389ab672eecf3c87170d0a73f959a8e696
  Cartography: c1460e99395b824d9d75360b0382faeb0b33dcd7
  Dollar: 0a9883680f2c1104adf0d19b827c3be71d3e3121
  Eureka: d014adf16406745e1a78d5790ea37ed130a0a8e5
  PMAlertController: 2d2c19af12edb50753d636395f9456c8cde1e858
  RSBarcodes_Swift: 3b4a9c2e81fe9f435a26f18a1b8b826665e7cf89
  SkyFloatingLabelTextField: 070e749632ffd608d6fd9db3fa488a822524997c
  SwiftyJSON: c2842d878f95482ffceec5709abc3d05680c0220

PODFILE CHECKSUM: 6edb3f7826d5062d6623783539742a9c2465a623

COCOAPODS: 1.1.1
